
Microsoft Visual Studio Solution File, Format Version 12.00
# Visual Studio 15
Project("{FAE04EC0-301F-11D3-BF4B-00C04F79EFBC}") = "Unraf_ejemplos", "Assembly-CSharp.csproj", "{48BF893B-B9AB-603C-3796-33B23AD7BF90}"
EndProject
Project("{FAE04EC0-301F-11D3-BF4B-00C04F79EFBC}") = "Unraf_ejemplos", "Assembly-CSharp-firstpass.csproj", "{8F6CA6A9-BEA1-BF0F-6F88-FABE01CB801F}"
EndProject
Project("{FAE04EC0-301F-11D3-BF4B-00C04F79EFBC}") = "Unraf_ejemplos", "Assembly-CSharp-Editor-firstpass.csproj", "{D76959C3-98FB-CF38-C101-7332C15ACCAC}"
EndProject
Project("{FAE04EC0-301F-11D3-BF4B-00C04F79EFBC}") = "Unraf_ejemplos", "Assembly-CSharp-Editor.csproj", "{4C368F34-2E0A-1563-CEC6-87286847E28A}"
EndProject
Global
	GlobalSection(SolutionConfigurationPlatforms) = preSolution
		Debug|Any CPU = Debug|Any CPU
		Release|Any CPU = Release|Any CPU
	EndGlobalSection
	GlobalSection(ProjectConfigurationPlatforms) = postSolution
		{48BF893B-B9AB-603C-3796-33B23AD7BF90}.Debug|Any CPU.ActiveCfg = Debug|Any CPU
		{48BF893B-B9AB-603C-3796-33B23AD7BF90}.Debug|Any CPU.Build.0 = Debug|Any CPU
		{48BF893B-B9AB-603C-3796-33B23AD7BF90}.Release|Any CPU.ActiveCfg = Release|Any CPU
		{48BF893B-B9AB-603C-3796-33B23AD7BF90}.Release|Any CPU.Build.0 = Release|Any CPU
		{8F6CA6A9-BEA1-BF0F-6F88-FABE01CB801F}.Debug|Any CPU.ActiveCfg = Debug|Any CPU
		{8F6CA6A9-BEA1-BF0F-6F88-FABE01CB801F}.Debug|Any CPU.Build.0 = Debug|Any CPU
		{8F6CA6A9-BEA1-BF0F-6F88-FABE01CB801F}.Release|Any CPU.ActiveCfg = Release|Any CPU
		{8F6CA6A9-BEA1-BF0F-6F88-FABE01CB801F}.Release|Any CPU.Build.0 = Release|Any CPU
		{D76959C3-98FB-CF38-C101-7332C15ACCAC}.Debug|Any CPU.ActiveCfg = Debug|Any CPU
		{D76959C3-98FB-CF38-C101-7332C15ACCAC}.Debug|Any CPU.Build.0 = Debug|Any CPU
		{D76959C3-98FB-CF38-C101-7332C15ACCAC}.Release|Any CPU.ActiveCfg = Release|Any CPU
		{D76959C3-98FB-CF38-C101-7332C15ACCAC}.Release|Any CPU.Build.0 = Release|Any CPU
		{4C368F34-2E0A-1563-CEC6-87286847E28A}.Debug|Any CPU.ActiveCfg = Debug|Any CPU
		{4C368F34-2E0A-1563-CEC6-87286847E28A}.Debug|Any CPU.Build.0 = Debug|Any CPU
		{4C368F34-2E0A-1563-CEC6-87286847E28A}.Release|Any CPU.ActiveCfg = Release|Any CPU
		{4C368F34-2E0A-1563-CEC6-87286847E28A}.Release|Any CPU.Build.0 = Release|Any CPU
	EndGlobalSection
	GlobalSection(SolutionProperties) = preSolution
		HideSolutionNode = FALSE
	EndGlobalSection
EndGlobal
