
Microsoft Visual Studio Solution File, Format Version 12.00
# Visual Studio 15
Project("{FAE04EC0-301F-11D3-BF4B-00C04F79EFBC}") = "Assembly-CSharp-firstpass", "Assembly-CSharp-firstpass.csproj", "{21DBBDF2-32C9-4D98-7EC0-48E071A1557F}"
EndProject
Project("{FAE04EC0-301F-11D3-BF4B-00C04F79EFBC}") = "Assembly-CSharp", "Assembly-CSharp.csproj", "{8F15BD16-4A4D-C29E-142A-D05991FABDE8}"
EndProject
Project("{FAE04EC0-301F-11D3-BF4B-00C04F79EFBC}") = "Assembly-CSharp-Editor", "Assembly-CSharp-Editor.csproj", "{8F6F612F-8FCD-ECCA-84BE-E7731559E1F6}"
EndProject
Project("{FAE04EC0-301F-11D3-BF4B-00C04F79EFBC}") = "Assembly-CSharp-Editor-firstpass", "Assembly-CSharp-Editor-firstpass.csproj", "{ED77DFFA-1568-ECB8-5D12-D4AD95CA84BE}"
EndProject
Global
	GlobalSection(SolutionConfigurationPlatforms) = preSolution
		Debug|Any CPU = Debug|Any CPU
		Release|Any CPU = Release|Any CPU
	EndGlobalSection
	GlobalSection(ProjectConfigurationPlatforms) = postSolution
		{21DBBDF2-32C9-4D98-7EC0-48E071A1557F}.Debug|Any CPU.ActiveCfg = Debug|Any CPU
		{21DBBDF2-32C9-4D98-7EC0-48E071A1557F}.Debug|Any CPU.Build.0 = Debug|Any CPU
		{21DBBDF2-32C9-4D98-7EC0-48E071A1557F}.Release|Any CPU.ActiveCfg = Release|Any CPU
		{21DBBDF2-32C9-4D98-7EC0-48E071A1557F}.Release|Any CPU.Build.0 = Release|Any CPU
		{8F15BD16-4A4D-C29E-142A-D05991FABDE8}.Debug|Any CPU.ActiveCfg = Debug|Any CPU
		{8F15BD16-4A4D-C29E-142A-D05991FABDE8}.Debug|Any CPU.Build.0 = Debug|Any CPU
		{8F15BD16-4A4D-C29E-142A-D05991FABDE8}.Release|Any CPU.ActiveCfg = Release|Any CPU
		{8F15BD16-4A4D-C29E-142A-D05991FABDE8}.Release|Any CPU.Build.0 = Release|Any CPU
		{8F6F612F-8FCD-ECCA-84BE-E7731559E1F6}.Debug|Any CPU.ActiveCfg = Debug|Any CPU
		{8F6F612F-8FCD-ECCA-84BE-E7731559E1F6}.Debug|Any CPU.Build.0 = Debug|Any CPU
		{8F6F612F-8FCD-ECCA-84BE-E7731559E1F6}.Release|Any CPU.ActiveCfg = Release|Any CPU
		{8F6F612F-8FCD-ECCA-84BE-E7731559E1F6}.Release|Any CPU.Build.0 = Release|Any CPU
		{ED77DFFA-1568-ECB8-5D12-D4AD95CA84BE}.Debug|Any CPU.ActiveCfg = Debug|Any CPU
		{ED77DFFA-1568-ECB8-5D12-D4AD95CA84BE}.Debug|Any CPU.Build.0 = Debug|Any CPU
		{ED77DFFA-1568-ECB8-5D12-D4AD95CA84BE}.Release|Any CPU.ActiveCfg = Release|Any CPU
		{ED77DFFA-1568-ECB8-5D12-D4AD95CA84BE}.Release|Any CPU.Build.0 = Release|Any CPU
	EndGlobalSection
	GlobalSection(SolutionProperties) = preSolution
		HideSolutionNode = FALSE
	EndGlobalSection
EndGlobal
